Microsoft Visual Studio Solution File, Format Version 11.00
# Visual Studio 2008

Project("{5A241FA7-BA44-58E8-444C-E839EF7CD7C1}") = "Jump way", "Assembly-CSharp.csproj", "{7AAF5AD8-01AE-020D-9708-E4CB76BDA164}"
EndProject
Global
	GlobalSection(SolutionConfigurationPlatforms) = preSolution
		Debug|Any CPU = Debug|Any CPU
		Release|Any CPU = Release|Any CPU
	EndGlobalSection
	GlobalSection(ProjectConfigurationPlatforms) = postSolution
		{7AAF5AD8-01AE-020D-9708-E4CB76BDA164}.Debug|Any CPU.ActiveCfg = Debug|Any CPU
		{7AAF5AD8-01AE-020D-9708-E4CB76BDA164}.Debug|Any CPU.Build.0 = Debug|Any CPU
		{7AAF5AD8-01AE-020D-9708-E4CB76BDA164}.Release|Any CPU.ActiveCfg = Release|Any CPU
		{7AAF5AD8-01AE-020D-9708-E4CB76BDA164}.Release|Any CPU.Build.0 = Release|Any CPU
	EndGlobalSection
	GlobalSection(SolutionProperties) = preSolution
		HideSolutionNode = FALSE
	EndGlobalSection
	GlobalSection(MonoDevelopProperties) = preSolution
		StartupItem = Assembly-CSharp.csproj
	EndGlobalSection
EndGlobal
