Microsoft Visual Studio Solution File, Format Version 11.00
# Visual Studio 2008

Project("{BC2DC425-A4A8-1115-5F6F-8AC41E7B3DA2}") = "Jump way(Release)", "Assembly-CSharp.csproj", "{4139DD3F-689D-18C7-F17D-A57A20B7872F}"
EndProject
Global
	GlobalSection(SolutionConfigurationPlatforms) = preSolution
		Debug|Any CPU = Debug|Any CPU
		Release|Any CPU = Release|Any CPU
	EndGlobalSection
	GlobalSection(ProjectConfigurationPlatforms) = postSolution
		{4139DD3F-689D-18C7-F17D-A57A20B7872F}.Debug|Any CPU.ActiveCfg = Debug|Any CPU
		{4139DD3F-689D-18C7-F17D-A57A20B7872F}.Debug|Any CPU.Build.0 = Debug|Any CPU
		{4139DD3F-689D-18C7-F17D-A57A20B7872F}.Release|Any CPU.ActiveCfg = Release|Any CPU
		{4139DD3F-689D-18C7-F17D-A57A20B7872F}.Release|Any CPU.Build.0 = Release|Any CPU
	EndGlobalSection
	GlobalSection(SolutionProperties) = preSolution
		HideSolutionNode = FALSE
	EndGlobalSection
	GlobalSection(MonoDevelopProperties) = preSolution
		StartupItem = Assembly-CSharp.csproj
	EndGlobalSection
EndGlobal
